
Microsoft Visual Studio Solution File, Format Version 12.00
# Visual Studio Version 17
VisualStudioVersion = 17.3.32819.101
MinimumVisualStudioVersion = 10.0.40219.1
Project("{9A19103F-16F7-4668-BE54-9A1E7A4F7556}") = "ElevateEvansville API", "ElevateEvansville API\ElevateEvansville API.csproj", "{1356B0E4-6A39-44BC-BDDE-E37EED6420B4}"
EndProject
Project("{D954291E-2A0B-460D-934E-DC6B0785DB48}") = "ElevateEvansville UI", "ElevateEvansvilleUI\ElevateEvansvilleUI.Shared\ElevateEvansville UI.shproj", "{6279C845-92F8-4333-AB99-3D213163593C}"
EndProject
Project("{2150E333-8FDC-42A3-9474-1A3956D46DE8}") = "Platforms", "Platforms", "{F99568C6-275A-42DD-94AE-56B6A5172C54}"
EndProject
Project("{FAE04EC0-301F-11D3-BF4B-00C04F79EFBC}") = "ElevateEvansvilleUI.UWP", "ElevateEvansvilleUI\ElevateEvansvilleUI.UWP\ElevateEvansvilleUI.UWP.csproj", "{54321972-5175-4E88-861B-F70D083972C7}"
EndProject
Project("{FAE04EC0-301F-11D3-BF4B-00C04F79EFBC}") = "ElevateEvansvilleUI.Wasm", "ElevateEvansvilleUI\ElevateEvansvilleUI.Wasm\ElevateEvansvilleUI.Wasm.csproj", "{78FB5883-343E-4FBC-87D5-F4FD08A116D8}"
EndProject
Global
	GlobalSection(SolutionConfigurationPlatforms) = preSolution
		Ad-Hoc|Any CPU = Ad-Hoc|Any CPU
		Ad-Hoc|ARM = Ad-Hoc|ARM
		Ad-Hoc|arm64 = Ad-Hoc|arm64
		Ad-Hoc|iPhone = Ad-Hoc|iPhone
		Ad-Hoc|iPhoneSimulator = Ad-Hoc|iPhoneSimulator
		Ad-Hoc|x64 = Ad-Hoc|x64
		Ad-Hoc|x86 = Ad-Hoc|x86
		AppStore|Any CPU = AppStore|Any CPU
		AppStore|ARM = AppStore|ARM
		AppStore|arm64 = AppStore|arm64
		AppStore|iPhone = AppStore|iPhone
		AppStore|iPhoneSimulator = AppStore|iPhoneSimulator
		AppStore|x64 = AppStore|x64
		AppStore|x86 = AppStore|x86
		Debug|Any CPU = Debug|Any CPU
		Debug|ARM = Debug|ARM
		Debug|arm64 = Debug|arm64
		Debug|iPhone = Debug|iPhone
		Debug|iPhoneSimulator = Debug|iPhoneSimulator
		Debug|x64 = Debug|x64
		Debug|x86 = Debug|x86
		Release|Any CPU = Release|Any CPU
		Release|ARM = Release|ARM
		Release|arm64 = Release|arm64
		Release|iPhone = Release|iPhone
		Release|iPhoneSimulator = Release|iPhoneSimulator
		Release|x64 = Release|x64
		Release|x86 = Release|x86
	EndGlobalSection
	GlobalSection(ProjectConfigurationPlatforms) = postSolution
		{1356B0E4-6A39-44BC-BDDE-E37EED6420B4}.Ad-Hoc|Any CPU.ActiveCfg = Debug|Any CPU
		{1356B0E4-6A39-44BC-BDDE-E37EED6420B4}.Ad-Hoc|Any CPU.Build.0 = Debug|Any CPU
		{1356B0E4-6A39-44BC-BDDE-E37EED6420B4}.Ad-Hoc|ARM.ActiveCfg = Debug|Any CPU
		{1356B0E4-6A39-44BC-BDDE-E37EED6420B4}.Ad-Hoc|ARM.Build.0 = Debug|Any CPU
		{1356B0E4-6A39-44BC-BDDE-E37EED6420B4}.Ad-Hoc|arm64.ActiveCfg = Debug|Any CPU
		{1356B0E4-6A39-44BC-BDDE-E37EED6420B4}.Ad-Hoc|arm64.Build.0 = Debug|Any CPU
		{1356B0E4-6A39-44BC-BDDE-E37EED6420B4}.Ad-Hoc|iPhone.ActiveCfg = Debug|Any CPU
		{1356B0E4-6A39-44BC-BDDE-E37EED6420B4}.Ad-Hoc|iPhone.Build.0 = Debug|Any CPU
		{1356B0E4-6A39-44BC-BDDE-E37EED6420B4}.Ad-Hoc|iPhoneSimulator.ActiveCfg = Debug|Any CPU
		{1356B0E4-6A39-44BC-BDDE-E37EED6420B4}.Ad-Hoc|iPhoneSimulator.Build.0 = Debug|Any CPU
		{1356B0E4-6A39-44BC-BDDE-E37EED6420B4}.Ad-Hoc|x64.ActiveCfg = Debug|Any CPU
		{1356B0E4-6A39-44BC-BDDE-E37EED6420B4}.Ad-Hoc|x64.Build.0 = Debug|Any CPU
		{1356B0E4-6A39-44BC-BDDE-E37EED6420B4}.Ad-Hoc|x86.ActiveCfg = Debug|Any CPU
		{1356B0E4-6A39-44BC-BDDE-E37EED6420B4}.Ad-Hoc|x86.Build.0 = Debug|Any CPU
		{1356B0E4-6A39-44BC-BDDE-E37EED6420B4}.AppStore|Any CPU.ActiveCfg = Debug|Any CPU
		{1356B0E4-6A39-44BC-BDDE-E37EED6420B4}.AppStore|Any CPU.Build.0 = Debug|Any CPU
		{1356B0E4-6A39-44BC-BDDE-E37EED6420B4}.AppStore|ARM.ActiveCfg = Debug|Any CPU
		{1356B0E4-6A39-44BC-BDDE-E37EED6420B4}.AppStore|ARM.Build.0 = Debug|Any CPU
		{1356B0E4-6A39-44BC-BDDE-E37EED6420B4}.AppStore|arm64.ActiveCfg = Debug|Any CPU
		{1356B0E4-6A39-44BC-BDDE-E37EED6420B4}.AppStore|arm64.Build.0 = Debug|Any CPU
		{1356B0E4-6A39-44BC-BDDE-E37EED6420B4}.AppStore|iPhone.ActiveCfg = Debug|Any CPU
		{1356B0E4-6A39-44BC-BDDE-E37EED6420B4}.AppStore|iPhone.Build.0 = Debug|Any CPU
		{1356B0E4-6A39-44BC-BDDE-E37EED6420B4}.AppStore|iPhoneSimulator.ActiveCfg = Debug|Any CPU
		{1356B0E4-6A39-44BC-BDDE-E37EED6420B4}.AppStore|iPhoneSimulator.Build.0 = Debug|Any CPU
		{1356B0E4-6A39-44BC-BDDE-E37EED6420B4}.AppStore|x64.ActiveCfg = Debug|Any CPU
		{1356B0E4-6A39-44BC-BDDE-E37EED6420B4}.AppStore|x64.Build.0 = Debug|Any CPU
		{1356B0E4-6A39-44BC-BDDE-E37EED6420B4}.AppStore|x86.ActiveCfg = Debug|Any CPU
		{1356B0E4-6A39-44BC-BDDE-E37EED6420B4}.AppStore|x86.Build.0 = Debug|Any CPU
		{1356B0E4-6A39-44BC-BDDE-E37EED6420B4}.Debug|Any CPU.ActiveCfg = Debug|Any CPU
		{1356B0E4-6A39-44BC-BDDE-E37EED6420B4}.Debug|Any CPU.Build.0 = Debug|Any CPU
		{1356B0E4-6A39-44BC-BDDE-E37EED6420B4}.Debug|ARM.ActiveCfg = Debug|Any CPU
		{1356B0E4-6A39-44BC-BDDE-E37EED6420B4}.Debug|ARM.Build.0 = Debug|Any CPU
		{1356B0E4-6A39-44BC-BDDE-E37EED6420B4}.Debug|arm64.ActiveCfg = Debug|Any CPU
		{1356B0E4-6A39-44BC-BDDE-E37EED6420B4}.Debug|arm64.Build.0 = Debug|Any CPU
		{1356B0E4-6A39-44BC-BDDE-E37EED6420B4}.Debug|iPhone.ActiveCfg = Debug|Any CPU
		{1356B0E4-6A39-44BC-BDDE-E37EED6420B4}.Debug|iPhone.Build.0 = Debug|Any CPU
		{1356B0E4-6A39-44BC-BDDE-E37EED6420B4}.Debug|iPhoneSimulator.ActiveCfg = Debug|Any CPU
		{1356B0E4-6A39-44BC-BDDE-E37EED6420B4}.Debug|iPhoneSimulator.Build.0 = Debug|Any CPU
		{1356B0E4-6A39-44BC-BDDE-E37EED6420B4}.Debug|x64.ActiveCfg = Debug|Any CPU
		{1356B0E4-6A39-44BC-BDDE-E37EED6420B4}.Debug|x64.Build.0 = Debug|Any CPU
		{1356B0E4-6A39-44BC-BDDE-E37EED6420B4}.Debug|x86.ActiveCfg = Debug|Any CPU
		{1356B0E4-6A39-44BC-BDDE-E37EED6420B4}.Debug|x86.Build.0 = Debug|Any CPU
		{1356B0E4-6A39-44BC-BDDE-E37EED6420B4}.Release|Any CPU.ActiveCfg = Release|Any CPU
		{1356B0E4-6A39-44BC-BDDE-E37EED6420B4}.Release|Any CPU.Build.0 = Release|Any CPU
		{1356B0E4-6A39-44BC-BDDE-E37EED6420B4}.Release|ARM.ActiveCfg = Release|Any CPU
		{1356B0E4-6A39-44BC-BDDE-E37EED6420B4}.Release|ARM.Build.0 = Release|Any CPU
		{1356B0E4-6A39-44BC-BDDE-E37EED6420B4}.Release|arm64.ActiveCfg = Release|Any CPU
		{1356B0E4-6A39-44BC-BDDE-E37EED6420B4}.Release|arm64.Build.0 = Release|Any CPU
		{1356B0E4-6A39-44BC-BDDE-E37EED6420B4}.Release|iPhone.ActiveCfg = Release|Any CPU
		{1356B0E4-6A39-44BC-BDDE-E37EED6420B4}.Release|iPhone.Build.0 = Release|Any CPU
		{1356B0E4-6A39-44BC-BDDE-E37EED6420B4}.Release|iPhoneSimulator.ActiveCfg = Release|Any CPU
		{1356B0E4-6A39-44BC-BDDE-E37EED6420B4}.Release|iPhoneSimulator.Build.0 = Release|Any CPU
		{1356B0E4-6A39-44BC-BDDE-E37EED6420B4}.Release|x64.ActiveCfg = Release|Any CPU
		{1356B0E4-6A39-44BC-BDDE-E37EED6420B4}.Release|x64.Build.0 = Release|Any CPU
		{1356B0E4-6A39-44BC-BDDE-E37EED6420B4}.Release|x86.ActiveCfg = Release|Any CPU
		{1356B0E4-6A39-44BC-BDDE-E37EED6420B4}.Release|x86.Build.0 = Release|Any CPU
		{54321972-5175-4E88-861B-F70D083972C7}.Ad-Hoc|Any CPU.ActiveCfg = Debug|x64
		{54321972-5175-4E88-861B-F70D083972C7}.Ad-Hoc|Any CPU.Build.0 = Debug|x64
		{54321972-5175-4E88-861B-F70D083972C7}.Ad-Hoc|Any CPU.Deploy.0 = Debug|x64
		{54321972-5175-4E88-861B-F70D083972C7}.Ad-Hoc|ARM.ActiveCfg = Debug|ARM
		{54321972-5175-4E88-861B-F70D083972C7}.Ad-Hoc|ARM.Build.0 = Debug|ARM
		{54321972-5175-4E88-861B-F70D083972C7}.Ad-Hoc|ARM.Deploy.0 = Debug|ARM
		{54321972-5175-4E88-861B-F70D083972C7}.Ad-Hoc|arm64.ActiveCfg = Debug|ARM64
		{54321972-5175-4E88-861B-F70D083972C7}.Ad-Hoc|arm64.Build.0 = Debug|ARM64
		{54321972-5175-4E88-861B-F70D083972C7}.Ad-Hoc|arm64.Deploy.0 = Debug|ARM64
		{54321972-5175-4E88-861B-F70D083972C7}.Ad-Hoc|iPhone.ActiveCfg = Debug|x64
		{54321972-5175-4E88-861B-F70D083972C7}.Ad-Hoc|iPhone.Build.0 = Debug|x64
		{54321972-5175-4E88-861B-F70D083972C7}.Ad-Hoc|iPhone.Deploy.0 = Debug|x64
		{54321972-5175-4E88-861B-F70D083972C7}.Ad-Hoc|iPhoneSimulator.ActiveCfg = Debug|x64
		{54321972-5175-4E88-861B-F70D083972C7}.Ad-Hoc|iPhoneSimulator.Build.0 = Debug|x64
		{54321972-5175-4E88-861B-F70D083972C7}.Ad-Hoc|iPhoneSimulator.Deploy.0 = Debug|x64
		{54321972-5175-4E88-861B-F70D083972C7}.Ad-Hoc|x64.ActiveCfg = Debug|x64
		{54321972-5175-4E88-861B-F70D083972C7}.Ad-Hoc|x64.Build.0 = Debug|x64
		{54321972-5175-4E88-861B-F70D083972C7}.Ad-Hoc|x64.Deploy.0 = Debug|x64
		{54321972-5175-4E88-861B-F70D083972C7}.Ad-Hoc|x86.ActiveCfg = Debug|x86
		{54321972-5175-4E88-861B-F70D083972C7}.Ad-Hoc|x86.Build.0 = Debug|x86
		{54321972-5175-4E88-861B-F70D083972C7}.Ad-Hoc|x86.Deploy.0 = Debug|x86
		{54321972-5175-4E88-861B-F70D083972C7}.AppStore|Any CPU.ActiveCfg = Debug|x64
		{54321972-5175-4E88-861B-F70D083972C7}.AppStore|Any CPU.Build.0 = Debug|x64
		{54321972-5175-4E88-861B-F70D083972C7}.AppStore|Any CPU.Deploy.0 = Debug|x64
		{54321972-5175-4E88-861B-F70D083972C7}.AppStore|ARM.ActiveCfg = Debug|ARM
		{54321972-5175-4E88-861B-F70D083972C7}.AppStore|ARM.Build.0 = Debug|ARM
		{54321972-5175-4E88-861B-F70D083972C7}.AppStore|ARM.Deploy.0 = Debug|ARM
		{54321972-5175-4E88-861B-F70D083972C7}.AppStore|arm64.ActiveCfg = Debug|ARM64
		{54321972-5175-4E88-861B-F70D083972C7}.AppStore|arm64.Build.0 = Debug|ARM64
		{54321972-5175-4E88-861B-F70D083972C7}.AppStore|arm64.Deploy.0 = Debug|ARM64
		{54321972-5175-4E88-861B-F70D083972C7}.AppStore|iPhone.ActiveCfg = Debug|x64
		{54321972-5175-4E88-861B-F70D083972C7}.AppStore|iPhone.Build.0 = Debug|x64
		{54321972-5175-4E88-861B-F70D083972C7}.AppStore|iPhone.Deploy.0 = Debug|x64
		{54321972-5175-4E88-861B-F70D083972C7}.AppStore|iPhoneSimulator.ActiveCfg = Debug|x64
		{54321972-5175-4E88-861B-F70D083972C7}.AppStore|iPhoneSimulator.Build.0 = Debug|x64
		{54321972-5175-4E88-861B-F70D083972C7}.AppStore|iPhoneSimulator.Deploy.0 = Debug|x64
		{54321972-5175-4E88-861B-F70D083972C7}.AppStore|x64.ActiveCfg = Debug|x64
		{54321972-5175-4E88-861B-F70D083972C7}.AppStore|x64.Build.0 = Debug|x64
		{54321972-5175-4E88-861B-F70D083972C7}.AppStore|x64.Deploy.0 = Debug|x64
		{54321972-5175-4E88-861B-F70D083972C7}.AppStore|x86.ActiveCfg = Debug|x86
		{54321972-5175-4E88-861B-F70D083972C7}.AppStore|x86.Build.0 = Debug|x86
		{54321972-5175-4E88-861B-F70D083972C7}.AppStore|x86.Deploy.0 = Debug|x86
		{54321972-5175-4E88-861B-F70D083972C7}.Debug|Any CPU.ActiveCfg = Debug|x64
		{54321972-5175-4E88-861B-F70D083972C7}.Debug|Any CPU.Build.0 = Debug|x64
		{54321972-5175-4E88-861B-F70D083972C7}.Debug|Any CPU.Deploy.0 = Debug|x64
		{54321972-5175-4E88-861B-F70D083972C7}.Debug|ARM.ActiveCfg = Debug|ARM
		{54321972-5175-4E88-861B-F70D083972C7}.Debug|ARM.Build.0 = Debug|ARM
		{54321972-5175-4E88-861B-F70D083972C7}.Debug|ARM.Deploy.0 = Debug|ARM
		{54321972-5175-4E88-861B-F70D083972C7}.Debug|arm64.ActiveCfg = Debug|ARM64
		{54321972-5175-4E88-861B-F70D083972C7}.Debug|arm64.Build.0 = Debug|ARM64
		{54321972-5175-4E88-861B-F70D083972C7}.Debug|arm64.Deploy.0 = Debug|ARM64
		{54321972-5175-4E88-861B-F70D083972C7}.Debug|iPhone.ActiveCfg = Debug|x64
		{54321972-5175-4E88-861B-F70D083972C7}.Debug|iPhone.Build.0 = Debug|x64
		{54321972-5175-4E88-861B-F70D083972C7}.Debug|iPhone.Deploy.0 = Debug|x64
		{54321972-5175-4E88-861B-F70D083972C7}.Debug|iPhoneSimulator.ActiveCfg = Debug|x64
		{54321972-5175-4E88-861B-F70D083972C7}.Debug|iPhoneSimulator.Build.0 = Debug|x64
		{54321972-5175-4E88-861B-F70D083972C7}.Debug|iPhoneSimulator.Deploy.0 = Debug|x64
		{54321972-5175-4E88-861B-F70D083972C7}.Debug|x64.ActiveCfg = Debug|x64
		{54321972-5175-4E88-861B-F70D083972C7}.Debug|x64.Build.0 = Debug|x64
		{54321972-5175-4E88-861B-F70D083972C7}.Debug|x64.Deploy.0 = Debug|x64
		{54321972-5175-4E88-861B-F70D083972C7}.Debug|x86.ActiveCfg = Debug|x86
		{54321972-5175-4E88-861B-F70D083972C7}.Debug|x86.Build.0 = Debug|x86
		{54321972-5175-4E88-861B-F70D083972C7}.Debug|x86.Deploy.0 = Debug|x86
		{54321972-5175-4E88-861B-F70D083972C7}.Release|Any CPU.ActiveCfg = Release|x64
		{54321972-5175-4E88-861B-F70D083972C7}.Release|Any CPU.Build.0 = Release|x64
		{54321972-5175-4E88-861B-F70D083972C7}.Release|Any CPU.Deploy.0 = Release|x64
		{54321972-5175-4E88-861B-F70D083972C7}.Release|ARM.ActiveCfg = Release|ARM
		{54321972-5175-4E88-861B-F70D083972C7}.Release|ARM.Build.0 = Release|ARM
		{54321972-5175-4E88-861B-F70D083972C7}.Release|ARM.Deploy.0 = Release|ARM
		{54321972-5175-4E88-861B-F70D083972C7}.Release|arm64.ActiveCfg = Release|ARM64
		{54321972-5175-4E88-861B-F70D083972C7}.Release|arm64.Build.0 = Release|ARM64
		{54321972-5175-4E88-861B-F70D083972C7}.Release|arm64.Deploy.0 = Release|ARM64
		{54321972-5175-4E88-861B-F70D083972C7}.Release|iPhone.ActiveCfg = Release|x64
		{54321972-5175-4E88-861B-F70D083972C7}.Release|iPhone.Build.0 = Release|x64
		{54321972-5175-4E88-861B-F70D083972C7}.Release|iPhone.Deploy.0 = Release|x64
		{54321972-5175-4E88-861B-F70D083972C7}.Release|iPhoneSimulator.ActiveCfg = Release|x64
		{54321972-5175-4E88-861B-F70D083972C7}.Release|iPhoneSimulator.Build.0 = Release|x64
		{54321972-5175-4E88-861B-F70D083972C7}.Release|iPhoneSimulator.Deploy.0 = Release|x64
		{54321972-5175-4E88-861B-F70D083972C7}.Release|x64.ActiveCfg = Release|x64
		{54321972-5175-4E88-861B-F70D083972C7}.Release|x64.Build.0 = Release|x64
		{54321972-5175-4E88-861B-F70D083972C7}.Release|x64.Deploy.0 = Release|x64
		{54321972-5175-4E88-861B-F70D083972C7}.Release|x86.ActiveCfg = Release|x86
		{54321972-5175-4E88-861B-F70D083972C7}.Release|x86.Build.0 = Release|x86
		{54321972-5175-4E88-861B-F70D083972C7}.Release|x86.Deploy.0 = Release|x86
		{78FB5883-343E-4FBC-87D5-F4FD08A116D8}.Ad-Hoc|Any CPU.ActiveCfg = Debug|Any CPU
		{78FB5883-343E-4FBC-87D5-F4FD08A116D8}.Ad-Hoc|Any CPU.Build.0 = Debug|Any CPU
		{78FB5883-343E-4FBC-87D5-F4FD08A116D8}.Ad-Hoc|ARM.ActiveCfg = Debug|Any CPU
		{78FB5883-343E-4FBC-87D5-F4FD08A116D8}.Ad-Hoc|ARM.Build.0 = Debug|Any CPU
		{78FB5883-343E-4FBC-87D5-F4FD08A116D8}.Ad-Hoc|arm64.ActiveCfg = Debug|Any CPU
		{78FB5883-343E-4FBC-87D5-F4FD08A116D8}.Ad-Hoc|arm64.Build.0 = Debug|Any CPU
		{78FB5883-343E-4FBC-87D5-F4FD08A116D8}.Ad-Hoc|iPhone.ActiveCfg = Debug|Any CPU
		{78FB5883-343E-4FBC-87D5-F4FD08A116D8}.Ad-Hoc|iPhone.Build.0 = Debug|Any CPU
		{78FB5883-343E-4FBC-87D5-F4FD08A116D8}.Ad-Hoc|iPhoneSimulator.ActiveCfg = Debug|Any CPU
		{78FB5883-343E-4FBC-87D5-F4FD08A116D8}.Ad-Hoc|iPhoneSimulator.Build.0 = Debug|Any CPU
		{78FB5883-343E-4FBC-87D5-F4FD08A116D8}.Ad-Hoc|x64.ActiveCfg = Debug|Any CPU
		{78FB5883-343E-4FBC-87D5-F4FD08A116D8}.Ad-Hoc|x64.Build.0 = Debug|Any CPU
		{78FB5883-343E-4FBC-87D5-F4FD08A116D8}.Ad-Hoc|x86.ActiveCfg = Debug|Any CPU
		{78FB5883-343E-4FBC-87D5-F4FD08A116D8}.Ad-Hoc|x86.Build.0 = Debug|Any CPU
		{78FB5883-343E-4FBC-87D5-F4FD08A116D8}.AppStore|Any CPU.ActiveCfg = Debug|Any CPU
		{78FB5883-343E-4FBC-87D5-F4FD08A116D8}.AppStore|Any CPU.Build.0 = Debug|Any CPU
		{78FB5883-343E-4FBC-87D5-F4FD08A116D8}.AppStore|ARM.ActiveCfg = Debug|Any CPU
		{78FB5883-343E-4FBC-87D5-F4FD08A116D8}.AppStore|ARM.Build.0 = Debug|Any CPU
		{78FB5883-343E-4FBC-87D5-F4FD08A116D8}.AppStore|arm64.ActiveCfg = Debug|Any CPU
		{78FB5883-343E-4FBC-87D5-F4FD08A116D8}.AppStore|arm64.Build.0 = Debug|Any CPU
		{78FB5883-343E-4FBC-87D5-F4FD08A116D8}.AppStore|iPhone.ActiveCfg = Debug|Any CPU
		{78FB5883-343E-4FBC-87D5-F4FD08A116D8}.AppStore|iPhone.Build.0 = Debug|Any CPU
		{78FB5883-343E-4FBC-87D5-F4FD08A116D8}.AppStore|iPhoneSimulator.ActiveCfg = Debug|Any CPU
		{78FB5883-343E-4FBC-87D5-F4FD08A116D8}.AppStore|iPhoneSimulator.Build.0 = Debug|Any CPU
		{78FB5883-343E-4FBC-87D5-F4FD08A116D8}.AppStore|x64.ActiveCfg = Debug|Any CPU
		{78FB5883-343E-4FBC-87D5-F4FD08A116D8}.AppStore|x64.Build.0 = Debug|Any CPU
		{78FB5883-343E-4FBC-87D5-F4FD08A116D8}.AppStore|x86.ActiveCfg = Debug|Any CPU
		{78FB5883-343E-4FBC-87D5-F4FD08A116D8}.AppStore|x86.Build.0 = Debug|Any CPU
		{78FB5883-343E-4FBC-87D5-F4FD08A116D8}.Debug|Any CPU.ActiveCfg = Debug|Any CPU
		{78FB5883-343E-4FBC-87D5-F4FD08A116D8}.Debug|Any CPU.Build.0 = Debug|Any CPU
		{78FB5883-343E-4FBC-87D5-F4FD08A116D8}.Debug|ARM.ActiveCfg = Debug|Any CPU
		{78FB5883-343E-4FBC-87D5-F4FD08A116D8}.Debug|ARM.Build.0 = Debug|Any CPU
		{78FB5883-343E-4FBC-87D5-F4FD08A116D8}.Debug|arm64.ActiveCfg = Debug|Any CPU
		{78FB5883-343E-4FBC-87D5-F4FD08A116D8}.Debug|arm64.Build.0 = Debug|Any CPU
		{78FB5883-343E-4FBC-87D5-F4FD08A116D8}.Debug|iPhone.ActiveCfg = Debug|Any CPU
		{78FB5883-343E-4FBC-87D5-F4FD08A116D8}.Debug|iPhone.Build.0 = Debug|Any CPU
		{78FB5883-343E-4FBC-87D5-F4FD08A116D8}.Debug|iPhoneSimulator.ActiveCfg = Debug|Any CPU
		{78FB5883-343E-4FBC-87D5-F4FD08A116D8}.Debug|iPhoneSimulator.Build.0 = Debug|Any CPU
		{78FB5883-343E-4FBC-87D5-F4FD08A116D8}.Debug|x64.ActiveCfg = Debug|Any CPU
		{78FB5883-343E-4FBC-87D5-F4FD08A116D8}.Debug|x64.Build.0 = Debug|Any CPU
		{78FB5883-343E-4FBC-87D5-F4FD08A116D8}.Debug|x86.ActiveCfg = Debug|Any CPU
		{78FB5883-343E-4FBC-87D5-F4FD08A116D8}.Debug|x86.Build.0 = Debug|Any CPU
		{78FB5883-343E-4FBC-87D5-F4FD08A116D8}.Release|Any CPU.ActiveCfg = Release|Any CPU
		{78FB5883-343E-4FBC-87D5-F4FD08A116D8}.Release|Any CPU.Build.0 = Release|Any CPU
		{78FB5883-343E-4FBC-87D5-F4FD08A116D8}.Release|ARM.ActiveCfg = Release|Any CPU
		{78FB5883-343E-4FBC-87D5-F4FD08A116D8}.Release|ARM.Build.0 = Release|Any CPU
		{78FB5883-343E-4FBC-87D5-F4FD08A116D8}.Release|arm64.ActiveCfg = Release|Any CPU
		{78FB5883-343E-4FBC-87D5-F4FD08A116D8}.Release|arm64.Build.0 = Release|Any CPU
		{78FB5883-343E-4FBC-87D5-F4FD08A116D8}.Release|iPhone.ActiveCfg = Release|Any CPU
		{78FB5883-343E-4FBC-87D5-F4FD08A116D8}.Release|iPhone.Build.0 = Release|Any CPU
		{78FB5883-343E-4FBC-87D5-F4FD08A116D8}.Release|iPhoneSimulator.ActiveCfg = Release|Any CPU
		{78FB5883-343E-4FBC-87D5-F4FD08A116D8}.Release|iPhoneSimulator.Build.0 = Release|Any CPU
		{78FB5883-343E-4FBC-87D5-F4FD08A116D8}.Release|x64.ActiveCfg = Release|Any CPU
		{78FB5883-343E-4FBC-87D5-F4FD08A116D8}.Release|x64.Build.0 = Release|Any CPU
		{78FB5883-343E-4FBC-87D5-F4FD08A116D8}.Release|x86.ActiveCfg = Release|Any CPU
		{78FB5883-343E-4FBC-87D5-F4FD08A116D8}.Release|x86.Build.0 = Release|Any CPU
	EndGlobalSection
	GlobalSection(SolutionProperties) = preSolution
		HideSolutionNode = FALSE
	EndGlobalSection
	GlobalSection(NestedProjects) = preSolution
		{54321972-5175-4E88-861B-F70D083972C7} = {F99568C6-275A-42DD-94AE-56B6A5172C54}
		{78FB5883-343E-4FBC-87D5-F4FD08A116D8} = {F99568C6-275A-42DD-94AE-56B6A5172C54}
	EndGlobalSection
	GlobalSection(ExtensibilityGlobals) = postSolution
		SolutionGuid = {6E1F6782-94F1-4126-A4A5-61F5482C735F}
	EndGlobalSection
	GlobalSection(SharedMSBuildProjectFiles) = preSolution
		ElevateEvansvilleUI\ElevateEvansvilleUI.Shared\ElevateEvansvilleUI.Shared.projitems*{54321972-5175-4e88-861b-f70d083972c7}*SharedItemsImports = 4
		ElevateEvansvilleUI\ElevateEvansvilleUI.Shared\ElevateEvansvilleUI.Shared.projitems*{6279c845-92f8-4333-ab99-3d213163593c}*SharedItemsImports = 13
		ElevateEvansvilleUI\ElevateEvansvilleUI.Shared\ElevateEvansvilleUI.Shared.projitems*{78fb5883-343e-4fbc-87d5-f4fd08a116d8}*SharedItemsImports = 5
	EndGlobalSection
EndGlobal
